
Microsoft Visual Studio Solution File, Format Version 12.00
# Visual Studio Version 16
VisualStudioVersion = 16.0.29409.12
MinimumVisualStudioVersion = 10.0.40219.1
Project("{FAE04EC0-301F-11D3-BF4B-00C04F79EFBC}") = "DoubleLinkedList", "DoubleLinkedList.csproj", "{A160D1B7-7B2B-4D70-942A-661A851131BA}"
EndProject
Global
	GlobalSection(SolutionConfigurationPlatforms) = preSolution
		Debug|Any CPU = Debug|Any CPU
		Release|Any CPU = Release|Any CPU
	EndGlobalSection
	GlobalSection(ProjectConfigurationPlatforms) = postSolution
		{A160D1B7-7B2B-4D70-942A-661A851131BA}.Debug|Any CPU.ActiveCfg = Debug|Any CPU
		{A160D1B7-7B2B-4D70-942A-661A851131BA}.Debug|Any CPU.Build.0 = Debug|Any CPU
		{A160D1B7-7B2B-4D70-942A-661A851131BA}.Release|Any CPU.ActiveCfg = Release|Any CPU
		{A160D1B7-7B2B-4D70-942A-661A851131BA}.Release|Any CPU.Build.0 = Release|Any CPU
	EndGlobalSection
	GlobalSection(SolutionProperties) = preSolution
		HideSolutionNode = FALSE
	EndGlobalSection
	GlobalSection(ExtensibilityGlobals) = postSolution
		SolutionGuid = {71074979-5C1E-4819-B433-A09A8554D6B9}
	EndGlobalSection
EndGlobal
